
Microsoft Visual Studio Solution File, Format Version 12.00
# Visual Studio Version 17
VisualStudioVersion = 17.11.35327.3
MinimumVisualStudioVersion = 10.0.40219.1
Project("{9A19103F-16F7-4668-BE54-9A1E7A4F7556}") = "BpmnEditorDemo", "BpmnEditorDemo.csproj", "{EA9AE0FA-3802-4536-B90B-3AC6C337DEB3}"
EndProject
Project("{9A19103F-16F7-4668-BE54-9A1E7A4F7556}") = "MindzieBpmnEditorComponent", "..\MindzieBpmnEditorComponent\MindzieBpmnEditorComponent.csproj", "{EE1C9C32-5B29-46BE-B3FB-4386B9AE4CB3}"
EndProject
Global
	GlobalSection(SolutionConfigurationPlatforms) = preSolution
		Debug|Any CPU = Debug|Any CPU
		Release|Any CPU = Release|Any CPU
	EndGlobalSection
	GlobalSection(ProjectConfigurationPlatforms) = postSolution
		{EA9AE0FA-3802-4536-B90B-3AC6C337DEB3}.Debug|Any CPU.ActiveCfg = Debug|Any CPU
		{EA9AE0FA-3802-4536-B90B-3AC6C337DEB3}.Debug|Any CPU.Build.0 = Debug|Any CPU
		{EA9AE0FA-3802-4536-B90B-3AC6C337DEB3}.Release|Any CPU.ActiveCfg = Release|Any CPU
		{EA9AE0FA-3802-4536-B90B-3AC6C337DEB3}.Release|Any CPU.Build.0 = Release|Any CPU
		{EE1C9C32-5B29-46BE-B3FB-4386B9AE4CB3}.Debug|Any CPU.ActiveCfg = Debug|Any CPU
		{EE1C9C32-5B29-46BE-B3FB-4386B9AE4CB3}.Debug|Any CPU.Build.0 = Debug|Any CPU
		{EE1C9C32-5B29-46BE-B3FB-4386B9AE4CB3}.Release|Any CPU.ActiveCfg = Release|Any CPU
		{EE1C9C32-5B29-46BE-B3FB-4386B9AE4CB3}.Release|Any CPU.Build.0 = Release|Any CPU
	EndGlobalSection
	GlobalSection(SolutionProperties) = preSolution
		HideSolutionNode = FALSE
	EndGlobalSection
	GlobalSection(ExtensibilityGlobals) = postSolution
		SolutionGuid = {22BBADDF-A1CC-4958-9347-91CF28A0B9BE}
	EndGlobalSection
EndGlobal
